
Microsoft Visual Studio Solution File, Format Version 12.00
Project("{2150E333-8FDC-42A3-9474-1A3956D46DE8}") = "test", "test", "{650B71C6-D666-4E67-BFB4-A787E8C49739}"
EndProject
Project("{2150E333-8FDC-42A3-9474-1A3956D46DE8}") = "src", "src", "{81F3EB1E-7CCD-491A-869F-21DE07554059}"
EndProject
Project("{2150E333-8FDC-42A3-9474-1A3956D46DE8}") = "lib", "lib", "{93598337-BA94-45D6-A11B-2620EB6BA03D}"
EndProject
Project("{FAE04EC0-301F-11D3-BF4B-00C04F79EFBC}") = "Multiformats.Address", "lib\dotnet-libp2p\src\cs-multiaddress\src\Multiformats.Address\Multiformats.Address.csproj", "{17B269BA-0687-4EB2-9ECC-B9F97F363432}"
EndProject
Project("{FAE04EC0-301F-11D3-BF4B-00C04F79EFBC}") = "Multiformats.Hash", "lib\dotnet-libp2p\src\cs-multihash\src\Multiformats.Hash\Multiformats.Hash.csproj", "{84EE044D-2A53-4620-B4B2-DD8BF660A47B}"
EndProject
Project("{FAE04EC0-301F-11D3-BF4B-00C04F79EFBC}") = "Libp2p", "lib\dotnet-libp2p\src\libp2p\Libp2p\Libp2p.csproj", "{1CF443CD-1BB2-4F59-B296-1421D6871073}"
EndProject
Project("{FAE04EC0-301F-11D3-BF4B-00C04F79EFBC}") = "Libp2p.Core", "lib\dotnet-libp2p\src\libp2p\Libp2p.Core\Libp2p.Core.csproj", "{62CEF1E4-215A-4050-B8D4-97B986B9DC7F}"
EndProject
Project("{FAE04EC0-301F-11D3-BF4B-00C04F79EFBC}") = "Libp2p.Core.Benchmarks", "lib\dotnet-libp2p\src\libp2p\Libp2p.Core.Benchmarks\Libp2p.Core.Benchmarks.csproj", "{F889FB9D-2BD6-4B3E-A3B9-371051D76076}"
EndProject
Project("{FAE04EC0-301F-11D3-BF4B-00C04F79EFBC}") = "Libp2p.Generators.Enums", "lib\dotnet-libp2p\src\libp2p\Libp2p.Generators.Enums\Libp2p.Generators.Enums.csproj", "{9023DA08-58EC-484C-BDC9-9D9E61D8EDAA}"
EndProject
Project("{FAE04EC0-301F-11D3-BF4B-00C04F79EFBC}") = "Libp2p.Generators.Protobuf", "lib\dotnet-libp2p\src\libp2p\Libp2p.Generators.Protobuf\Libp2p.Generators.Protobuf.csproj", "{ACA31F80-743F-4B2D-A8EC-D2CF7203926B}"
EndProject
Project("{FAE04EC0-301F-11D3-BF4B-00C04F79EFBC}") = "Libp2p.Protocols.Identify", "lib\dotnet-libp2p\src\libp2p\Libp2p.Protocols.Identify\Libp2p.Protocols.Identify.csproj", "{4289EDA2-9270-4787-B5E8-91F2024F781E}"
EndProject
Project("{FAE04EC0-301F-11D3-BF4B-00C04F79EFBC}") = "Libp2p.Protocols.IpTcp", "lib\dotnet-libp2p\src\libp2p\Libp2p.Protocols.IpTcp\Libp2p.Protocols.IpTcp.csproj", "{38F7C7E8-3BDE-42C6-9EC6-D5620FA50A55}"
EndProject
Project("{FAE04EC0-301F-11D3-BF4B-00C04F79EFBC}") = "Libp2p.Protocols.MDns", "lib\dotnet-libp2p\src\libp2p\Libp2p.Protocols.MDns\Libp2p.Protocols.MDns.csproj", "{A208E96A-9C96-4431-B7AC-34DFF87008EA}"
EndProject
Project("{FAE04EC0-301F-11D3-BF4B-00C04F79EFBC}") = "Libp2p.Protocols.Multistream", "lib\dotnet-libp2p\src\libp2p\Libp2p.Protocols.Multistream\Libp2p.Protocols.Multistream.csproj", "{9A51689F-D415-49B2-B7B5-14310A005032}"
EndProject
Project("{FAE04EC0-301F-11D3-BF4B-00C04F79EFBC}") = "Libp2p.Protocols.Noise", "lib\dotnet-libp2p\src\libp2p\Libp2p.Protocols.Noise\Libp2p.Protocols.Noise.csproj", "{26007AD3-EE44-42BB-8276-98DF99E15632}"
EndProject
Project("{FAE04EC0-301F-11D3-BF4B-00C04F79EFBC}") = "Libp2p.Protocols.Ping", "lib\dotnet-libp2p\src\libp2p\Libp2p.Protocols.Ping\Libp2p.Protocols.Ping.csproj", "{23D3ECF1-0E09-43C6-9E59-FC00EE329EB1}"
EndProject
Project("{FAE04EC0-301F-11D3-BF4B-00C04F79EFBC}") = "Libp2p.Protocols.Plaintext", "lib\dotnet-libp2p\src\libp2p\Libp2p.Protocols.Plaintext\Libp2p.Protocols.Plaintext.csproj", "{A451E753-C427-4E91-9E49-C59A5C61AE45}"
EndProject
Project("{FAE04EC0-301F-11D3-BF4B-00C04F79EFBC}") = "Libp2p.Protocols.Pubsub", "lib\dotnet-libp2p\src\libp2p\Libp2p.Protocols.Pubsub\Libp2p.Protocols.Pubsub.csproj", "{3D006B06-1465-4476-89C7-78B4B2075FC9}"
EndProject
Project("{FAE04EC0-301F-11D3-BF4B-00C04F79EFBC}") = "Libp2p.Protocols.Quic", "lib\dotnet-libp2p\src\libp2p\Libp2p.Protocols.Quic\Libp2p.Protocols.Quic.csproj", "{100D3F30-3A0A-4CBF-AB8F-20D40CCFB2E4}"
EndProject
Project("{FAE04EC0-301F-11D3-BF4B-00C04F79EFBC}") = "Libp2p.Protocols.Yamux", "lib\dotnet-libp2p\src\libp2p\Libp2p.Protocols.Yamux\Libp2p.Protocols.Yamux.csproj", "{79540BCD-29D6-49E5-82C3-4BF2A5146DC7}"
EndProject
Project("{FAE04EC0-301F-11D3-BF4B-00C04F79EFBC}") = "Lantern.Discv5.Enr", "lib\Lantern.Discv5\src\Lantern.Discv5.Enr\Lantern.Discv5.Enr.csproj", "{B3307D6E-CFCB-4DC1-B1DE-CE8898D0A819}"
EndProject
Project("{FAE04EC0-301F-11D3-BF4B-00C04F79EFBC}") = "Lantern.Discv5.Rlp", "lib\Lantern.Discv5\src\Lantern.Discv5.Rlp\Lantern.Discv5.Rlp.csproj", "{0CE8D485-7DEC-4C31-9D98-865DADCC8D58}"
EndProject
Project("{FAE04EC0-301F-11D3-BF4B-00C04F79EFBC}") = "Lantern.Discv5.WireProtocol", "lib\Lantern.Discv5\src\Lantern.Discv5.WireProtocol\Lantern.Discv5.WireProtocol.csproj", "{1C1BED72-7172-41F3-9FC0-CA1824017181}"
EndProject
Project("{FAE04EC0-301F-11D3-BF4B-00C04F79EFBC}") = "Lantern.Beacon.SyncProtocol", "src\Lantern.Beacon.SyncProtocol\Lantern.Beacon.SyncProtocol.csproj", "{34F40C9C-4659-4E60-AB33-CD037324899F}"
EndProject
Project("{FAE04EC0-301F-11D3-BF4B-00C04F79EFBC}") = "Lantern.Beacon", "src\Lantern.Beacon\Lantern.Beacon.csproj", "{702F0534-2F92-4A40-9359-BCB263B3CDB1}"
EndProject
Project("{FAE04EC0-301F-11D3-BF4B-00C04F79EFBC}") = "Lantern.Beacon.Console", "src\Lantern.Beacon.Console\Lantern.Beacon.Console.csproj", "{0292939A-6A86-483F-937F-7634B0A359BF}"
EndProject
Project("{FAE04EC0-301F-11D3-BF4B-00C04F79EFBC}") = "Lantern.Beacon.Tests", "test\Lantern.Beacon.Tests\Lantern.Beacon.Tests.csproj", "{234916E9-0FFB-432A-94B1-F7D4C602BB01}"
EndProject
Project("{FAE04EC0-301F-11D3-BF4B-00C04F79EFBC}") = "Nethermind.Core", "lib\nethermind\src\Nethermind\Nethermind.Core\Nethermind.Core.csproj", "{75B9FCE0-5E1B-44AF-A9BB-D93962FC181D}"
EndProject
Project("{FAE04EC0-301F-11D3-BF4B-00C04F79EFBC}") = "Nethermind.Serialization.Ssz", "lib\nethermind\src\Nethermind\Nethermind.Serialization.Ssz\Nethermind.Serialization.Ssz.csproj", "{1FF210BC-BEDF-4144-9B2A-13D6F4CF1003}"
EndProject
Project("{FAE04EC0-301F-11D3-BF4B-00C04F79EFBC}") = "Nethermind.Logging", "lib\nethermind\src\Nethermind\Nethermind.Logging\Nethermind.Logging.csproj", "{CF3ACDD3-1373-4248-B437-D7206BDD2BAD}"
EndProject
Project("{FAE04EC0-301F-11D3-BF4B-00C04F79EFBC}") = "Cortex.Containers", "lib\cortex\src\Cortex.Containers\Cortex.Containers.csproj", "{0A2D2D4A-F13E-4EE5-BA74-F0CCA755A431}"
EndProject
Project("{FAE04EC0-301F-11D3-BF4B-00C04F79EFBC}") = "Lantern.Beacon.SyncProtocol.Tests", "test\Lantern.Beacon.SyncProtocol.Tests\Lantern.Beacon.SyncProtocol.Tests.csproj", "{001D7F5C-71D0-4A0C-95F2-6489EA67CF52}"
EndProject
Project("{FAE04EC0-301F-11D3-BF4B-00C04F79EFBC}") = "SszSharp", "lib\SszSharp\SszSharp\SszSharp.csproj", "{08BF5367-5178-4891-B5AF-46874FCAB580}"
EndProject
Global
	GlobalSection(SolutionConfigurationPlatforms) = preSolution
		Debug|Any CPU = Debug|Any CPU
		Release|Any CPU = Release|Any CPU
	EndGlobalSection
	GlobalSection(ProjectConfigurationPlatforms) = postSolution
		{17B269BA-0687-4EB2-9ECC-B9F97F363432}.Debug|Any CPU.ActiveCfg = Debug|Any CPU
		{17B269BA-0687-4EB2-9ECC-B9F97F363432}.Debug|Any CPU.Build.0 = Debug|Any CPU
		{17B269BA-0687-4EB2-9ECC-B9F97F363432}.Release|Any CPU.ActiveCfg = Release|Any CPU
		{17B269BA-0687-4EB2-9ECC-B9F97F363432}.Release|Any CPU.Build.0 = Release|Any CPU
		{84EE044D-2A53-4620-B4B2-DD8BF660A47B}.Debug|Any CPU.ActiveCfg = Debug|Any CPU
		{84EE044D-2A53-4620-B4B2-DD8BF660A47B}.Debug|Any CPU.Build.0 = Debug|Any CPU
		{84EE044D-2A53-4620-B4B2-DD8BF660A47B}.Release|Any CPU.ActiveCfg = Release|Any CPU
		{84EE044D-2A53-4620-B4B2-DD8BF660A47B}.Release|Any CPU.Build.0 = Release|Any CPU
		{1CF443CD-1BB2-4F59-B296-1421D6871073}.Debug|Any CPU.ActiveCfg = Debug|Any CPU
		{1CF443CD-1BB2-4F59-B296-1421D6871073}.Debug|Any CPU.Build.0 = Debug|Any CPU
		{1CF443CD-1BB2-4F59-B296-1421D6871073}.Release|Any CPU.ActiveCfg = Release|Any CPU
		{1CF443CD-1BB2-4F59-B296-1421D6871073}.Release|Any CPU.Build.0 = Release|Any CPU
		{62CEF1E4-215A-4050-B8D4-97B986B9DC7F}.Debug|Any CPU.ActiveCfg = Debug|Any CPU
		{62CEF1E4-215A-4050-B8D4-97B986B9DC7F}.Debug|Any CPU.Build.0 = Debug|Any CPU
		{62CEF1E4-215A-4050-B8D4-97B986B9DC7F}.Release|Any CPU.ActiveCfg = Release|Any CPU
		{62CEF1E4-215A-4050-B8D4-97B986B9DC7F}.Release|Any CPU.Build.0 = Release|Any CPU
		{F889FB9D-2BD6-4B3E-A3B9-371051D76076}.Debug|Any CPU.ActiveCfg = Debug|Any CPU
		{F889FB9D-2BD6-4B3E-A3B9-371051D76076}.Debug|Any CPU.Build.0 = Debug|Any CPU
		{F889FB9D-2BD6-4B3E-A3B9-371051D76076}.Release|Any CPU.ActiveCfg = Release|Any CPU
		{F889FB9D-2BD6-4B3E-A3B9-371051D76076}.Release|Any CPU.Build.0 = Release|Any CPU
		{9023DA08-58EC-484C-BDC9-9D9E61D8EDAA}.Debug|Any CPU.ActiveCfg = Debug|Any CPU
		{9023DA08-58EC-484C-BDC9-9D9E61D8EDAA}.Debug|Any CPU.Build.0 = Debug|Any CPU
		{9023DA08-58EC-484C-BDC9-9D9E61D8EDAA}.Release|Any CPU.ActiveCfg = Release|Any CPU
		{9023DA08-58EC-484C-BDC9-9D9E61D8EDAA}.Release|Any CPU.Build.0 = Release|Any CPU
		{ACA31F80-743F-4B2D-A8EC-D2CF7203926B}.Debug|Any CPU.ActiveCfg = Debug|Any CPU
		{ACA31F80-743F-4B2D-A8EC-D2CF7203926B}.Debug|Any CPU.Build.0 = Debug|Any CPU
		{ACA31F80-743F-4B2D-A8EC-D2CF7203926B}.Release|Any CPU.ActiveCfg = Release|Any CPU
		{ACA31F80-743F-4B2D-A8EC-D2CF7203926B}.Release|Any CPU.Build.0 = Release|Any CPU
		{4289EDA2-9270-4787-B5E8-91F2024F781E}.Debug|Any CPU.ActiveCfg = Debug|Any CPU
		{4289EDA2-9270-4787-B5E8-91F2024F781E}.Debug|Any CPU.Build.0 = Debug|Any CPU
		{4289EDA2-9270-4787-B5E8-91F2024F781E}.Release|Any CPU.ActiveCfg = Release|Any CPU
		{4289EDA2-9270-4787-B5E8-91F2024F781E}.Release|Any CPU.Build.0 = Release|Any CPU
		{38F7C7E8-3BDE-42C6-9EC6-D5620FA50A55}.Debug|Any CPU.ActiveCfg = Debug|Any CPU
		{38F7C7E8-3BDE-42C6-9EC6-D5620FA50A55}.Debug|Any CPU.Build.0 = Debug|Any CPU
		{38F7C7E8-3BDE-42C6-9EC6-D5620FA50A55}.Release|Any CPU.ActiveCfg = Release|Any CPU
		{38F7C7E8-3BDE-42C6-9EC6-D5620FA50A55}.Release|Any CPU.Build.0 = Release|Any CPU
		{A208E96A-9C96-4431-B7AC-34DFF87008EA}.Debug|Any CPU.ActiveCfg = Debug|Any CPU
		{A208E96A-9C96-4431-B7AC-34DFF87008EA}.Debug|Any CPU.Build.0 = Debug|Any CPU
		{A208E96A-9C96-4431-B7AC-34DFF87008EA}.Release|Any CPU.ActiveCfg = Release|Any CPU
		{A208E96A-9C96-4431-B7AC-34DFF87008EA}.Release|Any CPU.Build.0 = Release|Any CPU
		{9A51689F-D415-49B2-B7B5-14310A005032}.Debug|Any CPU.ActiveCfg = Debug|Any CPU
		{9A51689F-D415-49B2-B7B5-14310A005032}.Debug|Any CPU.Build.0 = Debug|Any CPU
		{9A51689F-D415-49B2-B7B5-14310A005032}.Release|Any CPU.ActiveCfg = Release|Any CPU
		{9A51689F-D415-49B2-B7B5-14310A005032}.Release|Any CPU.Build.0 = Release|Any CPU
		{26007AD3-EE44-42BB-8276-98DF99E15632}.Debug|Any CPU.ActiveCfg = Debug|Any CPU
		{26007AD3-EE44-42BB-8276-98DF99E15632}.Debug|Any CPU.Build.0 = Debug|Any CPU
		{26007AD3-EE44-42BB-8276-98DF99E15632}.Release|Any CPU.ActiveCfg = Release|Any CPU
		{26007AD3-EE44-42BB-8276-98DF99E15632}.Release|Any CPU.Build.0 = Release|Any CPU
		{23D3ECF1-0E09-43C6-9E59-FC00EE329EB1}.Debug|Any CPU.ActiveCfg = Debug|Any CPU
		{23D3ECF1-0E09-43C6-9E59-FC00EE329EB1}.Debug|Any CPU.Build.0 = Debug|Any CPU
		{23D3ECF1-0E09-43C6-9E59-FC00EE329EB1}.Release|Any CPU.ActiveCfg = Release|Any CPU
		{23D3ECF1-0E09-43C6-9E59-FC00EE329EB1}.Release|Any CPU.Build.0 = Release|Any CPU
		{A451E753-C427-4E91-9E49-C59A5C61AE45}.Debug|Any CPU.ActiveCfg = Debug|Any CPU
		{A451E753-C427-4E91-9E49-C59A5C61AE45}.Debug|Any CPU.Build.0 = Debug|Any CPU
		{A451E753-C427-4E91-9E49-C59A5C61AE45}.Release|Any CPU.ActiveCfg = Release|Any CPU
		{A451E753-C427-4E91-9E49-C59A5C61AE45}.Release|Any CPU.Build.0 = Release|Any CPU
		{3D006B06-1465-4476-89C7-78B4B2075FC9}.Debug|Any CPU.ActiveCfg = Debug|Any CPU
		{3D006B06-1465-4476-89C7-78B4B2075FC9}.Debug|Any CPU.Build.0 = Debug|Any CPU
		{3D006B06-1465-4476-89C7-78B4B2075FC9}.Release|Any CPU.ActiveCfg = Release|Any CPU
		{3D006B06-1465-4476-89C7-78B4B2075FC9}.Release|Any CPU.Build.0 = Release|Any CPU
		{100D3F30-3A0A-4CBF-AB8F-20D40CCFB2E4}.Debug|Any CPU.ActiveCfg = Debug|Any CPU
		{100D3F30-3A0A-4CBF-AB8F-20D40CCFB2E4}.Debug|Any CPU.Build.0 = Debug|Any CPU
		{100D3F30-3A0A-4CBF-AB8F-20D40CCFB2E4}.Release|Any CPU.ActiveCfg = Release|Any CPU
		{100D3F30-3A0A-4CBF-AB8F-20D40CCFB2E4}.Release|Any CPU.Build.0 = Release|Any CPU
		{79540BCD-29D6-49E5-82C3-4BF2A5146DC7}.Debug|Any CPU.ActiveCfg = Debug|Any CPU
		{79540BCD-29D6-49E5-82C3-4BF2A5146DC7}.Debug|Any CPU.Build.0 = Debug|Any CPU
		{79540BCD-29D6-49E5-82C3-4BF2A5146DC7}.Release|Any CPU.ActiveCfg = Release|Any CPU
		{79540BCD-29D6-49E5-82C3-4BF2A5146DC7}.Release|Any CPU.Build.0 = Release|Any CPU
		{B3307D6E-CFCB-4DC1-B1DE-CE8898D0A819}.Debug|Any CPU.ActiveCfg = Debug|Any CPU
		{B3307D6E-CFCB-4DC1-B1DE-CE8898D0A819}.Debug|Any CPU.Build.0 = Debug|Any CPU
		{B3307D6E-CFCB-4DC1-B1DE-CE8898D0A819}.Release|Any CPU.ActiveCfg = Release|Any CPU
		{B3307D6E-CFCB-4DC1-B1DE-CE8898D0A819}.Release|Any CPU.Build.0 = Release|Any CPU
		{0CE8D485-7DEC-4C31-9D98-865DADCC8D58}.Debug|Any CPU.ActiveCfg = Debug|Any CPU
		{0CE8D485-7DEC-4C31-9D98-865DADCC8D58}.Debug|Any CPU.Build.0 = Debug|Any CPU
		{0CE8D485-7DEC-4C31-9D98-865DADCC8D58}.Release|Any CPU.ActiveCfg = Release|Any CPU
		{0CE8D485-7DEC-4C31-9D98-865DADCC8D58}.Release|Any CPU.Build.0 = Release|Any CPU
		{1C1BED72-7172-41F3-9FC0-CA1824017181}.Debug|Any CPU.ActiveCfg = Debug|Any CPU
		{1C1BED72-7172-41F3-9FC0-CA1824017181}.Debug|Any CPU.Build.0 = Debug|Any CPU
		{1C1BED72-7172-41F3-9FC0-CA1824017181}.Release|Any CPU.ActiveCfg = Release|Any CPU
		{1C1BED72-7172-41F3-9FC0-CA1824017181}.Release|Any CPU.Build.0 = Release|Any CPU
		{34F40C9C-4659-4E60-AB33-CD037324899F}.Debug|Any CPU.ActiveCfg = Debug|Any CPU
		{34F40C9C-4659-4E60-AB33-CD037324899F}.Debug|Any CPU.Build.0 = Debug|Any CPU
		{34F40C9C-4659-4E60-AB33-CD037324899F}.Release|Any CPU.ActiveCfg = Release|Any CPU
		{34F40C9C-4659-4E60-AB33-CD037324899F}.Release|Any CPU.Build.0 = Release|Any CPU
		{702F0534-2F92-4A40-9359-BCB263B3CDB1}.Debug|Any CPU.ActiveCfg = Debug|Any CPU
		{702F0534-2F92-4A40-9359-BCB263B3CDB1}.Debug|Any CPU.Build.0 = Debug|Any CPU
		{702F0534-2F92-4A40-9359-BCB263B3CDB1}.Release|Any CPU.ActiveCfg = Release|Any CPU
		{702F0534-2F92-4A40-9359-BCB263B3CDB1}.Release|Any CPU.Build.0 = Release|Any CPU
		{0292939A-6A86-483F-937F-7634B0A359BF}.Debug|Any CPU.ActiveCfg = Debug|Any CPU
		{0292939A-6A86-483F-937F-7634B0A359BF}.Debug|Any CPU.Build.0 = Debug|Any CPU
		{0292939A-6A86-483F-937F-7634B0A359BF}.Release|Any CPU.ActiveCfg = Release|Any CPU
		{0292939A-6A86-483F-937F-7634B0A359BF}.Release|Any CPU.Build.0 = Release|Any CPU
		{234916E9-0FFB-432A-94B1-F7D4C602BB01}.Debug|Any CPU.ActiveCfg = Debug|Any CPU
		{234916E9-0FFB-432A-94B1-F7D4C602BB01}.Debug|Any CPU.Build.0 = Debug|Any CPU
		{234916E9-0FFB-432A-94B1-F7D4C602BB01}.Release|Any CPU.ActiveCfg = Release|Any CPU
		{234916E9-0FFB-432A-94B1-F7D4C602BB01}.Release|Any CPU.Build.0 = Release|Any CPU
		{75B9FCE0-5E1B-44AF-A9BB-D93962FC181D}.Debug|Any CPU.ActiveCfg = Debug|Any CPU
		{75B9FCE0-5E1B-44AF-A9BB-D93962FC181D}.Debug|Any CPU.Build.0 = Debug|Any CPU
		{75B9FCE0-5E1B-44AF-A9BB-D93962FC181D}.Release|Any CPU.ActiveCfg = Release|Any CPU
		{75B9FCE0-5E1B-44AF-A9BB-D93962FC181D}.Release|Any CPU.Build.0 = Release|Any CPU
		{1FF210BC-BEDF-4144-9B2A-13D6F4CF1003}.Debug|Any CPU.ActiveCfg = Debug|Any CPU
		{1FF210BC-BEDF-4144-9B2A-13D6F4CF1003}.Debug|Any CPU.Build.0 = Debug|Any CPU
		{1FF210BC-BEDF-4144-9B2A-13D6F4CF1003}.Release|Any CPU.ActiveCfg = Release|Any CPU
		{1FF210BC-BEDF-4144-9B2A-13D6F4CF1003}.Release|Any CPU.Build.0 = Release|Any CPU
		{CF3ACDD3-1373-4248-B437-D7206BDD2BAD}.Debug|Any CPU.ActiveCfg = Debug|Any CPU
		{CF3ACDD3-1373-4248-B437-D7206BDD2BAD}.Debug|Any CPU.Build.0 = Debug|Any CPU
		{CF3ACDD3-1373-4248-B437-D7206BDD2BAD}.Release|Any CPU.ActiveCfg = Release|Any CPU
		{CF3ACDD3-1373-4248-B437-D7206BDD2BAD}.Release|Any CPU.Build.0 = Release|Any CPU
		{0A2D2D4A-F13E-4EE5-BA74-F0CCA755A431}.Debug|Any CPU.ActiveCfg = Debug|Any CPU
		{0A2D2D4A-F13E-4EE5-BA74-F0CCA755A431}.Debug|Any CPU.Build.0 = Debug|Any CPU
		{0A2D2D4A-F13E-4EE5-BA74-F0CCA755A431}.Release|Any CPU.ActiveCfg = Release|Any CPU
		{0A2D2D4A-F13E-4EE5-BA74-F0CCA755A431}.Release|Any CPU.Build.0 = Release|Any CPU
		{001D7F5C-71D0-4A0C-95F2-6489EA67CF52}.Debug|Any CPU.ActiveCfg = Debug|Any CPU
		{001D7F5C-71D0-4A0C-95F2-6489EA67CF52}.Debug|Any CPU.Build.0 = Debug|Any CPU
		{001D7F5C-71D0-4A0C-95F2-6489EA67CF52}.Release|Any CPU.ActiveCfg = Release|Any CPU
		{001D7F5C-71D0-4A0C-95F2-6489EA67CF52}.Release|Any CPU.Build.0 = Release|Any CPU
		{08BF5367-5178-4891-B5AF-46874FCAB580}.Debug|Any CPU.ActiveCfg = Debug|Any CPU
		{08BF5367-5178-4891-B5AF-46874FCAB580}.Debug|Any CPU.Build.0 = Debug|Any CPU
		{08BF5367-5178-4891-B5AF-46874FCAB580}.Release|Any CPU.ActiveCfg = Release|Any CPU
		{08BF5367-5178-4891-B5AF-46874FCAB580}.Release|Any CPU.Build.0 = Release|Any CPU
	EndGlobalSection
	GlobalSection(NestedProjects) = preSolution
		{17B269BA-0687-4EB2-9ECC-B9F97F363432} = {93598337-BA94-45D6-A11B-2620EB6BA03D}
		{84EE044D-2A53-4620-B4B2-DD8BF660A47B} = {93598337-BA94-45D6-A11B-2620EB6BA03D}
		{1CF443CD-1BB2-4F59-B296-1421D6871073} = {93598337-BA94-45D6-A11B-2620EB6BA03D}
		{62CEF1E4-215A-4050-B8D4-97B986B9DC7F} = {93598337-BA94-45D6-A11B-2620EB6BA03D}
		{F889FB9D-2BD6-4B3E-A3B9-371051D76076} = {93598337-BA94-45D6-A11B-2620EB6BA03D}
		{9023DA08-58EC-484C-BDC9-9D9E61D8EDAA} = {93598337-BA94-45D6-A11B-2620EB6BA03D}
		{ACA31F80-743F-4B2D-A8EC-D2CF7203926B} = {93598337-BA94-45D6-A11B-2620EB6BA03D}
		{4289EDA2-9270-4787-B5E8-91F2024F781E} = {93598337-BA94-45D6-A11B-2620EB6BA03D}
		{38F7C7E8-3BDE-42C6-9EC6-D5620FA50A55} = {93598337-BA94-45D6-A11B-2620EB6BA03D}
		{A208E96A-9C96-4431-B7AC-34DFF87008EA} = {93598337-BA94-45D6-A11B-2620EB6BA03D}
		{9A51689F-D415-49B2-B7B5-14310A005032} = {93598337-BA94-45D6-A11B-2620EB6BA03D}
		{26007AD3-EE44-42BB-8276-98DF99E15632} = {93598337-BA94-45D6-A11B-2620EB6BA03D}
		{23D3ECF1-0E09-43C6-9E59-FC00EE329EB1} = {93598337-BA94-45D6-A11B-2620EB6BA03D}
		{A451E753-C427-4E91-9E49-C59A5C61AE45} = {93598337-BA94-45D6-A11B-2620EB6BA03D}
		{3D006B06-1465-4476-89C7-78B4B2075FC9} = {93598337-BA94-45D6-A11B-2620EB6BA03D}
		{100D3F30-3A0A-4CBF-AB8F-20D40CCFB2E4} = {93598337-BA94-45D6-A11B-2620EB6BA03D}
		{79540BCD-29D6-49E5-82C3-4BF2A5146DC7} = {93598337-BA94-45D6-A11B-2620EB6BA03D}
		{B3307D6E-CFCB-4DC1-B1DE-CE8898D0A819} = {93598337-BA94-45D6-A11B-2620EB6BA03D}
		{0CE8D485-7DEC-4C31-9D98-865DADCC8D58} = {93598337-BA94-45D6-A11B-2620EB6BA03D}
		{1C1BED72-7172-41F3-9FC0-CA1824017181} = {93598337-BA94-45D6-A11B-2620EB6BA03D}
		{34F40C9C-4659-4E60-AB33-CD037324899F} = {81F3EB1E-7CCD-491A-869F-21DE07554059}
		{702F0534-2F92-4A40-9359-BCB263B3CDB1} = {81F3EB1E-7CCD-491A-869F-21DE07554059}
		{0292939A-6A86-483F-937F-7634B0A359BF} = {81F3EB1E-7CCD-491A-869F-21DE07554059}
		{234916E9-0FFB-432A-94B1-F7D4C602BB01} = {650B71C6-D666-4E67-BFB4-A787E8C49739}
		{75B9FCE0-5E1B-44AF-A9BB-D93962FC181D} = {93598337-BA94-45D6-A11B-2620EB6BA03D}
		{1FF210BC-BEDF-4144-9B2A-13D6F4CF1003} = {93598337-BA94-45D6-A11B-2620EB6BA03D}
		{CF3ACDD3-1373-4248-B437-D7206BDD2BAD} = {93598337-BA94-45D6-A11B-2620EB6BA03D}
		{0A2D2D4A-F13E-4EE5-BA74-F0CCA755A431} = {93598337-BA94-45D6-A11B-2620EB6BA03D}
		{001D7F5C-71D0-4A0C-95F2-6489EA67CF52} = {650B71C6-D666-4E67-BFB4-A787E8C49739}
		{08BF5367-5178-4891-B5AF-46874FCAB580} = {93598337-BA94-45D6-A11B-2620EB6BA03D}
	EndGlobalSection
EndGlobal
