
Microsoft Visual Studio Solution File, Format Version 12.00
Project("{2150E333-8FDC-42A3-9474-1A3956D46DE8}") = "test", "test", "{650B71C6-D666-4E67-BFB4-A787E8C49739}"
EndProject
Project("{2150E333-8FDC-42A3-9474-1A3956D46DE8}") = "src", "src", "{81F3EB1E-7CCD-491A-869F-21DE07554059}"
EndProject
Project("{2150E333-8FDC-42A3-9474-1A3956D46DE8}") = "lib", "lib", "{93598337-BA94-45D6-A11B-2620EB6BA03D}"
EndProject
Project("{FAE04EC0-301F-11D3-BF4B-00C04F79EFBC}") = "Lantern.Beacon.Sync", "src\Lantern.Beacon.Sync\Lantern.Beacon.Sync.csproj", "{34F40C9C-4659-4E60-AB33-CD037324899F}"
EndProject
Project("{FAE04EC0-301F-11D3-BF4B-00C04F79EFBC}") = "Lantern.Beacon", "src\Lantern.Beacon\Lantern.Beacon.csproj", "{702F0534-2F92-4A40-9359-BCB263B3CDB1}"
EndProject
Project("{FAE04EC0-301F-11D3-BF4B-00C04F79EFBC}") = "Lantern.Beacon.Console", "src\Lantern.Beacon.Console\Lantern.Beacon.Console.csproj", "{0292939A-6A86-483F-937F-7634B0A359BF}"
EndProject
Project("{FAE04EC0-301F-11D3-BF4B-00C04F79EFBC}") = "Lantern.Beacon.Tests", "test\Lantern.Beacon.Tests\Lantern.Beacon.Tests.csproj", "{234916E9-0FFB-432A-94B1-F7D4C602BB01}"
EndProject
Project("{FAE04EC0-301F-11D3-BF4B-00C04F79EFBC}") = "Cortex.Containers", "lib\cortex\src\Cortex.Containers\Cortex.Containers.csproj", "{0A2D2D4A-F13E-4EE5-BA74-F0CCA755A431}"
EndProject
Project("{FAE04EC0-301F-11D3-BF4B-00C04F79EFBC}") = "Lantern.Beacon.Sync.Tests", "test\Lantern.Beacon.Sync.Tests\Lantern.Beacon.Sync.Tests.csproj", "{001D7F5C-71D0-4A0C-95F2-6489EA67CF52}"
EndProject
Project("{FAE04EC0-301F-11D3-BF4B-00C04F79EFBC}") = "SszSharp", "lib\SszSharp\SszSharp\SszSharp.csproj", "{08BF5367-5178-4891-B5AF-46874FCAB580}"
EndProject
Project("{FAE04EC0-301F-11D3-BF4B-00C04F79EFBC}") = "Nethermind.Crypto.Bls", "lib\blst-bindings\src\Nethermind.Crypto.Bls\Nethermind.Crypto.Bls.csproj", "{F5900635-79C8-4B56-9130-6E69CBEF1741}"
EndProject
Global
	GlobalSection(SolutionConfigurationPlatforms) = preSolution
		Debug|Any CPU = Debug|Any CPU
		Release|Any CPU = Release|Any CPU
	EndGlobalSection
	GlobalSection(ProjectConfigurationPlatforms) = postSolution
		{34F40C9C-4659-4E60-AB33-CD037324899F}.Debug|Any CPU.ActiveCfg = Debug|Any CPU
		{34F40C9C-4659-4E60-AB33-CD037324899F}.Debug|Any CPU.Build.0 = Debug|Any CPU
		{34F40C9C-4659-4E60-AB33-CD037324899F}.Release|Any CPU.ActiveCfg = Release|Any CPU
		{34F40C9C-4659-4E60-AB33-CD037324899F}.Release|Any CPU.Build.0 = Release|Any CPU
		{702F0534-2F92-4A40-9359-BCB263B3CDB1}.Debug|Any CPU.ActiveCfg = Debug|Any CPU
		{702F0534-2F92-4A40-9359-BCB263B3CDB1}.Debug|Any CPU.Build.0 = Debug|Any CPU
		{702F0534-2F92-4A40-9359-BCB263B3CDB1}.Release|Any CPU.ActiveCfg = Release|Any CPU
		{702F0534-2F92-4A40-9359-BCB263B3CDB1}.Release|Any CPU.Build.0 = Release|Any CPU
		{0292939A-6A86-483F-937F-7634B0A359BF}.Debug|Any CPU.ActiveCfg = Debug|Any CPU
		{0292939A-6A86-483F-937F-7634B0A359BF}.Debug|Any CPU.Build.0 = Debug|Any CPU
		{0292939A-6A86-483F-937F-7634B0A359BF}.Release|Any CPU.ActiveCfg = Release|Any CPU
		{0292939A-6A86-483F-937F-7634B0A359BF}.Release|Any CPU.Build.0 = Release|Any CPU
		{234916E9-0FFB-432A-94B1-F7D4C602BB01}.Debug|Any CPU.ActiveCfg = Debug|Any CPU
		{234916E9-0FFB-432A-94B1-F7D4C602BB01}.Debug|Any CPU.Build.0 = Debug|Any CPU
		{234916E9-0FFB-432A-94B1-F7D4C602BB01}.Release|Any CPU.ActiveCfg = Release|Any CPU
		{234916E9-0FFB-432A-94B1-F7D4C602BB01}.Release|Any CPU.Build.0 = Release|Any CPU
		{0A2D2D4A-F13E-4EE5-BA74-F0CCA755A431}.Debug|Any CPU.ActiveCfg = Debug|Any CPU
		{0A2D2D4A-F13E-4EE5-BA74-F0CCA755A431}.Debug|Any CPU.Build.0 = Debug|Any CPU
		{0A2D2D4A-F13E-4EE5-BA74-F0CCA755A431}.Release|Any CPU.ActiveCfg = Release|Any CPU
		{0A2D2D4A-F13E-4EE5-BA74-F0CCA755A431}.Release|Any CPU.Build.0 = Release|Any CPU
		{001D7F5C-71D0-4A0C-95F2-6489EA67CF52}.Debug|Any CPU.ActiveCfg = Debug|Any CPU
		{001D7F5C-71D0-4A0C-95F2-6489EA67CF52}.Debug|Any CPU.Build.0 = Debug|Any CPU
		{001D7F5C-71D0-4A0C-95F2-6489EA67CF52}.Release|Any CPU.ActiveCfg = Release|Any CPU
		{001D7F5C-71D0-4A0C-95F2-6489EA67CF52}.Release|Any CPU.Build.0 = Release|Any CPU
		{08BF5367-5178-4891-B5AF-46874FCAB580}.Debug|Any CPU.ActiveCfg = Debug|Any CPU
		{08BF5367-5178-4891-B5AF-46874FCAB580}.Debug|Any CPU.Build.0 = Debug|Any CPU
		{08BF5367-5178-4891-B5AF-46874FCAB580}.Release|Any CPU.ActiveCfg = Release|Any CPU
		{08BF5367-5178-4891-B5AF-46874FCAB580}.Release|Any CPU.Build.0 = Release|Any CPU
		{F5900635-79C8-4B56-9130-6E69CBEF1741}.Debug|Any CPU.ActiveCfg = Debug|Any CPU
		{F5900635-79C8-4B56-9130-6E69CBEF1741}.Debug|Any CPU.Build.0 = Debug|Any CPU
		{F5900635-79C8-4B56-9130-6E69CBEF1741}.Release|Any CPU.ActiveCfg = Release|Any CPU
		{F5900635-79C8-4B56-9130-6E69CBEF1741}.Release|Any CPU.Build.0 = Release|Any CPU
	EndGlobalSection
	GlobalSection(NestedProjects) = preSolution
		{34F40C9C-4659-4E60-AB33-CD037324899F} = {81F3EB1E-7CCD-491A-869F-21DE07554059}
		{702F0534-2F92-4A40-9359-BCB263B3CDB1} = {81F3EB1E-7CCD-491A-869F-21DE07554059}
		{0292939A-6A86-483F-937F-7634B0A359BF} = {81F3EB1E-7CCD-491A-869F-21DE07554059}
		{234916E9-0FFB-432A-94B1-F7D4C602BB01} = {650B71C6-D666-4E67-BFB4-A787E8C49739}
		{0A2D2D4A-F13E-4EE5-BA74-F0CCA755A431} = {93598337-BA94-45D6-A11B-2620EB6BA03D}
		{001D7F5C-71D0-4A0C-95F2-6489EA67CF52} = {650B71C6-D666-4E67-BFB4-A787E8C49739}
		{08BF5367-5178-4891-B5AF-46874FCAB580} = {93598337-BA94-45D6-A11B-2620EB6BA03D}
		{F5900635-79C8-4B56-9130-6E69CBEF1741} = {93598337-BA94-45D6-A11B-2620EB6BA03D}
	EndGlobalSection
EndGlobal
